
Microsoft Visual Studio Solution File, Format Version 12.00
# Visual Studio 15
VisualStudioVersion = 15.0.26403.7
MinimumVisualStudioVersion = 10.0.40219.1
Project("{FAE04EC0-301F-11D3-BF4B-00C04F79EFBC}") = "Zavolokas.Structures", "Zavolokas.Structures\Zavolokas.Structures.csproj", "{D582C85A-8597-48CE-82A9-C5297F91AE5D}"
EndProject
Project("{2150E333-8FDC-42A3-9474-1A3956D46DE8}") = "Samples", "Samples", "{09D36AC5-891A-432E-B511-AFA833A0EC3C}"
EndProject
Project("{FAE04EC0-301F-11D3-BF4B-00C04F79EFBC}") = "AreaDilation", "Samples\AreaDilation\AreaDilation.csproj", "{58E317A6-7C40-45BC-92BF-702D9790E2B0}"
EndProject
Project("{FAE04EC0-301F-11D3-BF4B-00C04F79EFBC}") = "ConfidenceMap", "Samples\ConfidenceMap\ConfidenceMap.csproj", "{8000AA5B-1029-4A4C-A09D-F9328E7265D6}"
EndProject
Project("{FAE04EC0-301F-11D3-BF4B-00C04F79EFBC}") = "Zavolokas.Structures.Gdi", "Zavolokas.Structures.Gdi\Zavolokas.Structures.Gdi.csproj", "{A34A5150-593A-4BCB-A45C-AD0B2C1E4095}"
EndProject
Project("{2150E333-8FDC-42A3-9474-1A3956D46DE8}") = "ColorSpaces", "ColorSpaces", "{60FB9149-A54B-493B-8D9F-2F000B0FFB3F}"
EndProject
Project("{FAE04EC0-301F-11D3-BF4B-00C04F79EFBC}") = "ConvertToLabImage", "Samples\ColorSpaces\ConvertToLabImage\ConvertToLabImage.csproj", "{6882FD08-C0B7-4E7A-B28B-B8F96D07EB8F}"
EndProject
Project("{2150E333-8FDC-42A3-9474-1A3956D46DE8}") = "Images", "Images", "{A87C9DE4-192B-4CF0-B025-B4857D090FC4}"
EndProject
Project("{FAE04EC0-301F-11D3-BF4B-00C04F79EFBC}") = "ArgbImage", "Samples\Images\ArgbImage\ArgbImage.csproj", "{3179200B-0E1E-479E-B4DE-B43C433B1E4D}"
EndProject
Project("{FAE04EC0-301F-11D3-BF4B-00C04F79EFBC}") = "Convolution", "Samples\Images\Convolution\Convolution.csproj", "{A0744653-F9AA-493A-9329-9198E46C3964}"
EndProject
Project("{FAE04EC0-301F-11D3-BF4B-00C04F79EFBC}") = "CopyImagePart", "Samples\Images\CopyImagePart\CopyImagePart.csproj", "{CACBD7A4-5EAE-4615-B903-8811DF07ED77}"
EndProject
Project("{FAE04EC0-301F-11D3-BF4B-00C04F79EFBC}") = "ScaleUpImage", "Samples\Images\ScaleUpImage\ScaleUpImage.csproj", "{E99F4B1D-9DFB-4704-9A45-D72FB3DB202C}"
EndProject
Project("{FAE04EC0-301F-11D3-BF4B-00C04F79EFBC}") = "SetComponents", "Samples\Images\SetComponents\SetComponents.csproj", "{C6270DAA-A21A-468C-8C47-8E5FD427DE68}"
EndProject
Project("{FAE04EC0-301F-11D3-BF4B-00C04F79EFBC}") = "InsertRemoveComponents", "Samples\Images\Trancparancy\InsertRemoveComponents.csproj", "{21A7C14A-ABF6-4033-B35E-D48ABF248641}"
EndProject
Project("{FAE04EC0-301F-11D3-BF4B-00C04F79EFBC}") = "ToRemove", "Samples\ToRemove\ToRemove.csproj", "{50B4BCEC-C6ED-4C36-8C61-64ACCA409D22}"
EndProject
Project("{FAE04EC0-301F-11D3-BF4B-00C04F79EFBC}") = "Zavolokas.Structures.UnitTests", "Zavolokas.Structures.UnitTests\Zavolokas.Structures.UnitTests.csproj", "{7FE517B6-5558-41BF-8DC8-5B9D66900F0F}"
EndProject
Project("{2150E333-8FDC-42A3-9474-1A3956D46DE8}") = "Area2D", "Area2D", "{1A9D36F6-DB85-4B96-AF40-119CB2E8DF84}"
EndProject
Project("{FAE04EC0-301F-11D3-BF4B-00C04F79EFBC}") = "Substraction", "Substraction\Substraction.csproj", "{D0485330-4E68-4A69-B10D-5B2763B97C00}"
EndProject
Global
	GlobalSection(SolutionConfigurationPlatforms) = preSolution
		Debug|Any CPU = Debug|Any CPU
		Release|Any CPU = Release|Any CPU
	EndGlobalSection
	GlobalSection(ProjectConfigurationPlatforms) = postSolution
		{D582C85A-8597-48CE-82A9-C5297F91AE5D}.Debug|Any CPU.ActiveCfg = Debug|Any CPU
		{D582C85A-8597-48CE-82A9-C5297F91AE5D}.Debug|Any CPU.Build.0 = Debug|Any CPU
		{D582C85A-8597-48CE-82A9-C5297F91AE5D}.Release|Any CPU.ActiveCfg = Release|Any CPU
		{D582C85A-8597-48CE-82A9-C5297F91AE5D}.Release|Any CPU.Build.0 = Release|Any CPU
		{58E317A6-7C40-45BC-92BF-702D9790E2B0}.Debug|Any CPU.ActiveCfg = Debug|Any CPU
		{58E317A6-7C40-45BC-92BF-702D9790E2B0}.Debug|Any CPU.Build.0 = Debug|Any CPU
		{58E317A6-7C40-45BC-92BF-702D9790E2B0}.Release|Any CPU.ActiveCfg = Release|Any CPU
		{58E317A6-7C40-45BC-92BF-702D9790E2B0}.Release|Any CPU.Build.0 = Release|Any CPU
		{8000AA5B-1029-4A4C-A09D-F9328E7265D6}.Debug|Any CPU.ActiveCfg = Debug|Any CPU
		{8000AA5B-1029-4A4C-A09D-F9328E7265D6}.Debug|Any CPU.Build.0 = Debug|Any CPU
		{8000AA5B-1029-4A4C-A09D-F9328E7265D6}.Release|Any CPU.ActiveCfg = Release|Any CPU
		{8000AA5B-1029-4A4C-A09D-F9328E7265D6}.Release|Any CPU.Build.0 = Release|Any CPU
		{A34A5150-593A-4BCB-A45C-AD0B2C1E4095}.Debug|Any CPU.ActiveCfg = Debug|Any CPU
		{A34A5150-593A-4BCB-A45C-AD0B2C1E4095}.Debug|Any CPU.Build.0 = Debug|Any CPU
		{A34A5150-593A-4BCB-A45C-AD0B2C1E4095}.Release|Any CPU.ActiveCfg = Release|Any CPU
		{A34A5150-593A-4BCB-A45C-AD0B2C1E4095}.Release|Any CPU.Build.0 = Release|Any CPU
		{6882FD08-C0B7-4E7A-B28B-B8F96D07EB8F}.Debug|Any CPU.ActiveCfg = Debug|Any CPU
		{6882FD08-C0B7-4E7A-B28B-B8F96D07EB8F}.Debug|Any CPU.Build.0 = Debug|Any CPU
		{6882FD08-C0B7-4E7A-B28B-B8F96D07EB8F}.Release|Any CPU.ActiveCfg = Release|Any CPU
		{6882FD08-C0B7-4E7A-B28B-B8F96D07EB8F}.Release|Any CPU.Build.0 = Release|Any CPU
		{3179200B-0E1E-479E-B4DE-B43C433B1E4D}.Debug|Any CPU.ActiveCfg = Debug|Any CPU
		{3179200B-0E1E-479E-B4DE-B43C433B1E4D}.Debug|Any CPU.Build.0 = Debug|Any CPU
		{3179200B-0E1E-479E-B4DE-B43C433B1E4D}.Release|Any CPU.ActiveCfg = Release|Any CPU
		{3179200B-0E1E-479E-B4DE-B43C433B1E4D}.Release|Any CPU.Build.0 = Release|Any CPU
		{A0744653-F9AA-493A-9329-9198E46C3964}.Debug|Any CPU.ActiveCfg = Debug|Any CPU
		{A0744653-F9AA-493A-9329-9198E46C3964}.Debug|Any CPU.Build.0 = Debug|Any CPU
		{A0744653-F9AA-493A-9329-9198E46C3964}.Release|Any CPU.ActiveCfg = Release|Any CPU
		{A0744653-F9AA-493A-9329-9198E46C3964}.Release|Any CPU.Build.0 = Release|Any CPU
		{CACBD7A4-5EAE-4615-B903-8811DF07ED77}.Debug|Any CPU.ActiveCfg = Debug|Any CPU
		{CACBD7A4-5EAE-4615-B903-8811DF07ED77}.Debug|Any CPU.Build.0 = Debug|Any CPU
		{CACBD7A4-5EAE-4615-B903-8811DF07ED77}.Release|Any CPU.ActiveCfg = Release|Any CPU
		{CACBD7A4-5EAE-4615-B903-8811DF07ED77}.Release|Any CPU.Build.0 = Release|Any CPU
		{E99F4B1D-9DFB-4704-9A45-D72FB3DB202C}.Debug|Any CPU.ActiveCfg = Debug|Any CPU
		{E99F4B1D-9DFB-4704-9A45-D72FB3DB202C}.Debug|Any CPU.Build.0 = Debug|Any CPU
		{E99F4B1D-9DFB-4704-9A45-D72FB3DB202C}.Release|Any CPU.ActiveCfg = Release|Any CPU
		{E99F4B1D-9DFB-4704-9A45-D72FB3DB202C}.Release|Any CPU.Build.0 = Release|Any CPU
		{C6270DAA-A21A-468C-8C47-8E5FD427DE68}.Debug|Any CPU.ActiveCfg = Debug|Any CPU
		{C6270DAA-A21A-468C-8C47-8E5FD427DE68}.Debug|Any CPU.Build.0 = Debug|Any CPU
		{C6270DAA-A21A-468C-8C47-8E5FD427DE68}.Release|Any CPU.ActiveCfg = Release|Any CPU
		{C6270DAA-A21A-468C-8C47-8E5FD427DE68}.Release|Any CPU.Build.0 = Release|Any CPU
		{21A7C14A-ABF6-4033-B35E-D48ABF248641}.Debug|Any CPU.ActiveCfg = Debug|Any CPU
		{21A7C14A-ABF6-4033-B35E-D48ABF248641}.Debug|Any CPU.Build.0 = Debug|Any CPU
		{21A7C14A-ABF6-4033-B35E-D48ABF248641}.Release|Any CPU.ActiveCfg = Release|Any CPU
		{21A7C14A-ABF6-4033-B35E-D48ABF248641}.Release|Any CPU.Build.0 = Release|Any CPU
		{50B4BCEC-C6ED-4C36-8C61-64ACCA409D22}.Debug|Any CPU.ActiveCfg = Debug|Any CPU
		{50B4BCEC-C6ED-4C36-8C61-64ACCA409D22}.Debug|Any CPU.Build.0 = Debug|Any CPU
		{50B4BCEC-C6ED-4C36-8C61-64ACCA409D22}.Release|Any CPU.ActiveCfg = Release|Any CPU
		{50B4BCEC-C6ED-4C36-8C61-64ACCA409D22}.Release|Any CPU.Build.0 = Release|Any CPU
		{7FE517B6-5558-41BF-8DC8-5B9D66900F0F}.Debug|Any CPU.ActiveCfg = Debug|Any CPU
		{7FE517B6-5558-41BF-8DC8-5B9D66900F0F}.Debug|Any CPU.Build.0 = Debug|Any CPU
		{7FE517B6-5558-41BF-8DC8-5B9D66900F0F}.Release|Any CPU.ActiveCfg = Release|Any CPU
		{7FE517B6-5558-41BF-8DC8-5B9D66900F0F}.Release|Any CPU.Build.0 = Release|Any CPU
		{D0485330-4E68-4A69-B10D-5B2763B97C00}.Debug|Any CPU.ActiveCfg = Debug|Any CPU
		{D0485330-4E68-4A69-B10D-5B2763B97C00}.Debug|Any CPU.Build.0 = Debug|Any CPU
		{D0485330-4E68-4A69-B10D-5B2763B97C00}.Release|Any CPU.ActiveCfg = Release|Any CPU
		{D0485330-4E68-4A69-B10D-5B2763B97C00}.Release|Any CPU.Build.0 = Release|Any CPU
	EndGlobalSection
	GlobalSection(SolutionProperties) = preSolution
		HideSolutionNode = FALSE
	EndGlobalSection
	GlobalSection(NestedProjects) = preSolution
		{58E317A6-7C40-45BC-92BF-702D9790E2B0} = {09D36AC5-891A-432E-B511-AFA833A0EC3C}
		{8000AA5B-1029-4A4C-A09D-F9328E7265D6} = {09D36AC5-891A-432E-B511-AFA833A0EC3C}
		{60FB9149-A54B-493B-8D9F-2F000B0FFB3F} = {09D36AC5-891A-432E-B511-AFA833A0EC3C}
		{6882FD08-C0B7-4E7A-B28B-B8F96D07EB8F} = {60FB9149-A54B-493B-8D9F-2F000B0FFB3F}
		{A87C9DE4-192B-4CF0-B025-B4857D090FC4} = {09D36AC5-891A-432E-B511-AFA833A0EC3C}
		{3179200B-0E1E-479E-B4DE-B43C433B1E4D} = {A87C9DE4-192B-4CF0-B025-B4857D090FC4}
		{A0744653-F9AA-493A-9329-9198E46C3964} = {A87C9DE4-192B-4CF0-B025-B4857D090FC4}
		{CACBD7A4-5EAE-4615-B903-8811DF07ED77} = {A87C9DE4-192B-4CF0-B025-B4857D090FC4}
		{E99F4B1D-9DFB-4704-9A45-D72FB3DB202C} = {A87C9DE4-192B-4CF0-B025-B4857D090FC4}
		{C6270DAA-A21A-468C-8C47-8E5FD427DE68} = {A87C9DE4-192B-4CF0-B025-B4857D090FC4}
		{21A7C14A-ABF6-4033-B35E-D48ABF248641} = {A87C9DE4-192B-4CF0-B025-B4857D090FC4}
		{50B4BCEC-C6ED-4C36-8C61-64ACCA409D22} = {09D36AC5-891A-432E-B511-AFA833A0EC3C}
		{1A9D36F6-DB85-4B96-AF40-119CB2E8DF84} = {09D36AC5-891A-432E-B511-AFA833A0EC3C}
		{D0485330-4E68-4A69-B10D-5B2763B97C00} = {1A9D36F6-DB85-4B96-AF40-119CB2E8DF84}
	EndGlobalSection
EndGlobal
